
Microsoft Visual Studio Solution File, Format Version 12.00
# Visual Studio Version 17
VisualStudioVersion = 17.10.35004.147
MinimumVisualStudioVersion = 10.0.40219.1
Project("{9A19103F-16F7-4668-BE54-9A1E7A4F7556}") = "FunctionalCSharp", "FunctionalCSharp\FunctionalCSharp.csproj", "{E581EE4A-B60E-4EE5-835D-150ABF266B29}"
EndProject
Project("{9A19103F-16F7-4668-BE54-9A1E7A4F7556}") = "FunctionalCSharp.Tests", "FunctioanCSharp.Tests\FunctionalCSharp.Tests.csproj", "{94C9FED8-EA70-46FC-82A0-64926935DD44}"
EndProject
Global
	GlobalSection(SolutionConfigurationPlatforms) = preSolution
		Debug|Any CPU = Debug|Any CPU
		Release|Any CPU = Release|Any CPU
	EndGlobalSection
	GlobalSection(ProjectConfigurationPlatforms) = postSolution
		{E581EE4A-B60E-4EE5-835D-150ABF266B29}.Debug|Any CPU.ActiveCfg = Debug|Any CPU
		{E581EE4A-B60E-4EE5-835D-150ABF266B29}.Debug|Any CPU.Build.0 = Debug|Any CPU
		{E581EE4A-B60E-4EE5-835D-150ABF266B29}.Release|Any CPU.ActiveCfg = Release|Any CPU
		{E581EE4A-B60E-4EE5-835D-150ABF266B29}.Release|Any CPU.Build.0 = Release|Any CPU
		{94C9FED8-EA70-46FC-82A0-64926935DD44}.Debug|Any CPU.ActiveCfg = Debug|Any CPU
		{94C9FED8-EA70-46FC-82A0-64926935DD44}.Debug|Any CPU.Build.0 = Debug|Any CPU
		{94C9FED8-EA70-46FC-82A0-64926935DD44}.Release|Any CPU.ActiveCfg = Release|Any CPU
		{94C9FED8-EA70-46FC-82A0-64926935DD44}.Release|Any CPU.Build.0 = Release|Any CPU
	EndGlobalSection
	GlobalSection(SolutionProperties) = preSolution
		HideSolutionNode = FALSE
	EndGlobalSection
	GlobalSection(ExtensibilityGlobals) = postSolution
		SolutionGuid = {6184A977-BA23-4BC4-92A4-45086800DD10}
	EndGlobalSection
EndGlobal
