
Microsoft Visual Studio Solution File, Format Version 12.00
# Visual Studio Version 17
VisualStudioVersion = 17.10.35004.147
MinimumVisualStudioVersion = 10.0.40219.1
Project("{9A19103F-16F7-4668-BE54-9A1E7A4F7556}") = "FunctionalCSharp", "FunctionalCSharp\FunctionalCSharp.csproj", "{E581EE4A-B60E-4EE5-835D-150ABF266B29}"
EndProject
Project("{9A19103F-16F7-4668-BE54-9A1E7A4F7556}") = "FunctionalCSharp.Tests", "FunctioanCSharp.Tests\FunctionalCSharp.Tests.csproj", "{94C9FED8-EA70-46FC-82A0-64926935DD44}"
EndProject
Project("{FAE04EC0-301F-11D3-BF4B-00C04F79EFBC}") = "FunctionalCSharp.New", "FunctionalCSharp.New\FunctionalCSharp.New.csproj", "{23FBE57C-D809-4952-A0B3-8378B3DE8109}"
EndProject
Project("{FAE04EC0-301F-11D3-BF4B-00C04F79EFBC}") = "FunctionalCSharp.SampleDSL", "FunctionalCSharp.SampleDSL\FunctionalCSharp.SampleDSL.csproj", "{3D74604C-955C-415B-A67F-64C882B73272}"
EndProject
Project("{FAE04EC0-301F-11D3-BF4B-00C04F79EFBC}") = "FinalTaglessStyle", "FinalTaglessStyle\FinalTaglessStyle.csproj", "{955E8F15-BC32-4736-B533-22E7CF34CD2A}"
EndProject
Project("{2150E333-8FDC-42A3-9474-1A3956D46DE8}") = "Samples", "Samples", "{76EE08B5-439B-4321-888C-43FE249ABEBD}"
EndProject
Project("{FAE04EC0-301F-11D3-BF4B-00C04F79EFBC}") = "DSL", "DSL\DSL.csproj", "{15ED0397-5B9A-4E60-B1B8-92A5BE926326}"
EndProject
Project("{FAE04EC0-301F-11D3-BF4B-00C04F79EFBC}") = "AsyncWebCrawler", "AsyncWebCrawler\AsyncWebCrawler.csproj", "{3F9F9490-C965-4410-8E4B-C6C361A4E19F}"
EndProject
Global
	GlobalSection(SolutionConfigurationPlatforms) = preSolution
		Debug|Any CPU = Debug|Any CPU
		Release|Any CPU = Release|Any CPU
	EndGlobalSection
	GlobalSection(ProjectConfigurationPlatforms) = postSolution
		{E581EE4A-B60E-4EE5-835D-150ABF266B29}.Debug|Any CPU.ActiveCfg = Debug|Any CPU
		{E581EE4A-B60E-4EE5-835D-150ABF266B29}.Debug|Any CPU.Build.0 = Debug|Any CPU
		{E581EE4A-B60E-4EE5-835D-150ABF266B29}.Release|Any CPU.ActiveCfg = Release|Any CPU
		{E581EE4A-B60E-4EE5-835D-150ABF266B29}.Release|Any CPU.Build.0 = Release|Any CPU
		{94C9FED8-EA70-46FC-82A0-64926935DD44}.Debug|Any CPU.ActiveCfg = Debug|Any CPU
		{94C9FED8-EA70-46FC-82A0-64926935DD44}.Debug|Any CPU.Build.0 = Debug|Any CPU
		{94C9FED8-EA70-46FC-82A0-64926935DD44}.Release|Any CPU.ActiveCfg = Release|Any CPU
		{94C9FED8-EA70-46FC-82A0-64926935DD44}.Release|Any CPU.Build.0 = Release|Any CPU
		{23FBE57C-D809-4952-A0B3-8378B3DE8109}.Debug|Any CPU.ActiveCfg = Debug|Any CPU
		{23FBE57C-D809-4952-A0B3-8378B3DE8109}.Debug|Any CPU.Build.0 = Debug|Any CPU
		{23FBE57C-D809-4952-A0B3-8378B3DE8109}.Release|Any CPU.ActiveCfg = Release|Any CPU
		{23FBE57C-D809-4952-A0B3-8378B3DE8109}.Release|Any CPU.Build.0 = Release|Any CPU
		{3D74604C-955C-415B-A67F-64C882B73272}.Debug|Any CPU.ActiveCfg = Debug|Any CPU
		{3D74604C-955C-415B-A67F-64C882B73272}.Debug|Any CPU.Build.0 = Debug|Any CPU
		{3D74604C-955C-415B-A67F-64C882B73272}.Release|Any CPU.ActiveCfg = Release|Any CPU
		{3D74604C-955C-415B-A67F-64C882B73272}.Release|Any CPU.Build.0 = Release|Any CPU
		{955E8F15-BC32-4736-B533-22E7CF34CD2A}.Debug|Any CPU.ActiveCfg = Debug|Any CPU
		{955E8F15-BC32-4736-B533-22E7CF34CD2A}.Debug|Any CPU.Build.0 = Debug|Any CPU
		{955E8F15-BC32-4736-B533-22E7CF34CD2A}.Release|Any CPU.ActiveCfg = Release|Any CPU
		{955E8F15-BC32-4736-B533-22E7CF34CD2A}.Release|Any CPU.Build.0 = Release|Any CPU
		{15ED0397-5B9A-4E60-B1B8-92A5BE926326}.Debug|Any CPU.ActiveCfg = Debug|Any CPU
		{15ED0397-5B9A-4E60-B1B8-92A5BE926326}.Debug|Any CPU.Build.0 = Debug|Any CPU
		{15ED0397-5B9A-4E60-B1B8-92A5BE926326}.Release|Any CPU.ActiveCfg = Release|Any CPU
		{15ED0397-5B9A-4E60-B1B8-92A5BE926326}.Release|Any CPU.Build.0 = Release|Any CPU
		{3F9F9490-C965-4410-8E4B-C6C361A4E19F}.Debug|Any CPU.ActiveCfg = Debug|Any CPU
		{3F9F9490-C965-4410-8E4B-C6C361A4E19F}.Debug|Any CPU.Build.0 = Debug|Any CPU
		{3F9F9490-C965-4410-8E4B-C6C361A4E19F}.Release|Any CPU.ActiveCfg = Release|Any CPU
		{3F9F9490-C965-4410-8E4B-C6C361A4E19F}.Release|Any CPU.Build.0 = Release|Any CPU
	EndGlobalSection
	GlobalSection(SolutionProperties) = preSolution
		HideSolutionNode = FALSE
	EndGlobalSection
	GlobalSection(ExtensibilityGlobals) = postSolution
		SolutionGuid = {6184A977-BA23-4BC4-92A4-45086800DD10}
	EndGlobalSection
	GlobalSection(NestedProjects) = preSolution
		{3D74604C-955C-415B-A67F-64C882B73272} = {76EE08B5-439B-4321-888C-43FE249ABEBD}
		{955E8F15-BC32-4736-B533-22E7CF34CD2A} = {76EE08B5-439B-4321-888C-43FE249ABEBD}
		{15ED0397-5B9A-4E60-B1B8-92A5BE926326} = {76EE08B5-439B-4321-888C-43FE249ABEBD}
		{3F9F9490-C965-4410-8E4B-C6C361A4E19F} = {76EE08B5-439B-4321-888C-43FE249ABEBD}
	EndGlobalSection
EndGlobal
